// !$*UTF8*$!
{
	archiveVersion = 1;
	classes = {
	};
	objectVersion = 46;
	objects = {

/* Begin PBXBuildFile section */
		7F79162F1C737ECE00CCDABF /* AppDelegate.swift in Sources */ = {isa = PBXBuildFile; fileRef = 7F79162E1C737ECE00CCDABF /* AppDelegate.swift */; };
		7F7916311C737ECE00CCDABF /* SignInVC.swift in Sources */ = {isa = PBXBuildFile; fileRef = 7F7916301C737ECE00CCDABF /* SignInVC.swift */; };
		7F7916341C737ECE00CCDABF /* Main.storyboard in Resources */ = {isa = PBXBuildFile; fileRef = 7F7916321C737ECE00CCDABF /* Main.storyboard */; };
		7F7916391C737ECE00CCDABF /* LaunchScreen.storyboard in Resources */ = {isa = PBXBuildFile; fileRef = 7F7916371C737ECE00CCDABF /* LaunchScreen.storyboard */; };
		7F7916411C738C6300CCDABF /* SelectAccountVC.swift in Sources */ = {isa = PBXBuildFile; fileRef = 7F7916401C738C6300CCDABF /* SelectAccountVC.swift */; };
		7F7916431C7399F500CCDABF /* decideVC.swift in Sources */ = {isa = PBXBuildFile; fileRef = 7F7916421C7399F500CCDABF /* decideVC.swift */; };
		7F7916451C73BA4E00CCDABF /* TwitterUser.swift in Sources */ = {isa = PBXBuildFile; fileRef = 7F7916441C73BA4E00CCDABF /* TwitterUser.swift */; };
		7F7916491C741D7200CCDABF /* Assets.xcassets in Resources */ = {isa = PBXBuildFile; fileRef = 7F7916351C737ECE00CCDABF /* Assets.xcassets */; };
/* End PBXBuildFile section */

/* Begin PBXFileReference section */
		7F79162B1C737ECE00CCDABF /* FolloworNah.app */ = {isa = PBXFileReference; explicitFileType = wrapper.application; includeInIndex = 0; path = FolloworNah.app; sourceTree = BUILT_PRODUCTS_DIR; };
		7F79162E1C737ECE00CCDABF /* AppDelegate.swift */ = {isa = PBXFileReference; lastKnownFileType = sourcecode.swift; path = AppDelegate.swift; sourceTree = "<group>"; };
		7F7916301C737ECE00CCDABF /* SignInVC.swift */ = {isa = PBXFileReference; lastKnownFileType = sourcecode.swift; path = SignInVC.swift; sourceTree = "<group>"; };
		7F7916331C737ECE00CCDABF /* Base */ = {isa = PBXFileReference; lastKnownFileType = file.storyboard; name = Base; path = Base.lproj/Main.storyboard; sourceTree = "<group>"; };
		7F7916351C737ECE00CCDABF /* Assets.xcassets */ = {isa = PBXFileReference; lastKnownFileType = folder.assetcatalog; path = Assets.xcassets; sourceTree = "<group>"; };
		7F7916381C737ECE00CCDABF /* Base */ = {isa = PBXFileReference; lastKnownFileType = file.storyboard; name = Base; path = Base.lproj/LaunchScreen.storyboard; sourceTree = "<group>"; };
		7F79163A1C737ECE00CCDABF /* Info.plist */ = {isa = PBXFileReference; lastKnownFileType = text.plist.xml; path = Info.plist; sourceTree = "<group>"; };
		7F7916401C738C6300CCDABF /* SelectAccountVC.swift */ = {isa = PBXFileReference; fileEncoding = 4; lastKnownFileType = sourcecode.swift; path = SelectAccountVC.swift; sourceTree = "<group>"; };
		7F7916421C7399F500CCDABF /* decideVC.swift */ = {isa = PBXFileReference; fileEncoding = 4; lastKnownFileType = sourcecode.swift; path = decideVC.swift; sourceTree = "<group>"; };
		7F7916441C73BA4E00CCDABF /* TwitterUser.swift */ = {isa = PBXFileReference; fileEncoding = 4; lastKnownFileType = sourcecode.swift; path = TwitterUser.swift; sourceTree = "<group>"; };
/* End PBXFileReference section */

/* Begin PBXFrameworksBuildPhase section */
		7F7916281C737ECE00CCDABF /* Frameworks */ = {
			isa = PBXFrameworksBuildPhase;
			buildActionMask = 2147483647;
			files = (
			);
			runOnlyForDeploymentPostprocessing = 0;
		};
/* End PBXFrameworksBuildPhase section */

/* Begin PBXGroup section */
		7F7916221C737ECE00CCDABF = {
			isa = PBXGroup;
			children = (
				7F79162D1C737ECE00CCDABF /* FolloworNah */,
				7F79162C1C737ECE00CCDABF /* Products */,
			);
			sourceTree = "<group>";
		};
		7F79162C1C737ECE00CCDABF /* Products */ = {
			isa = PBXGroup;
			children = (
				7F79162B1C737ECE00CCDABF /* FolloworNah.app */,
			);
			name = Products;
			sourceTree = "<group>";
		};
		7F79162D1C737ECE00CCDABF /* FolloworNah */ = {
			isa = PBXGroup;
			children = (
				7F7916481C73BA7D00CCDABF /* Model */,
				7F7916471C73BA7300CCDABF /* View */,
				7F7916461C73BA6900CCDABF /* Controller */,
				7F7916351C737ECE00CCDABF /* Assets.xcassets */,
				7F79163A1C737ECE00CCDABF /* Info.plist */,
			);
			path = FolloworNah;
			sourceTree = "<group>";
		};
		7F7916461C73BA6900CCDABF /* Controller */ = {
			isa = PBXGroup;
			children = (
				7F7916421C7399F500CCDABF /* decideVC.swift */,
				7F7916401C738C6300CCDABF /* SelectAccountVC.swift */,
				7F7916301C737ECE00CCDABF /* SignInVC.swift */,
				7F79162E1C737ECE00CCDABF /* AppDelegate.swift */,
			);
			name = Controller;
			sourceTree = "<group>";
		};
		7F7916471C73BA7300CCDABF /* View */ = {
			isa = PBXGroup;
			children = (
				7F7916321C737ECE00CCDABF /* Main.storyboard */,
				7F7916371C737ECE00CCDABF /* LaunchScreen.storyboard */,
			);
			name = View;
			sourceTree = "<group>";
		};
		7F7916481C73BA7D00CCDABF /* Model */ = {
			isa = PBXGroup;
			children = (
				7F7916441C73BA4E00CCDABF /* TwitterUser.swift */,
			);
			name = Model;
			sourceTree = "<group>";
		};
/* End PBXGroup section */

/* Begin PBXNativeTarget section */
		7F79162A1C737ECE00CCDABF /* FolloworNah */ = {
			isa = PBXNativeTarget;
			buildConfigurationList = 7F79163D1C737ECE00CCDABF /* Build configuration list for PBXNativeTarget "FolloworNah" */;
			buildPhases = (
				7F7916271C737ECE00CCDABF /* Sources */,
				7F7916281C737ECE00CCDABF /* Frameworks */,
				7F7916291C737ECE00CCDABF /* Resources */,
			);
			buildRules = (
			);
			dependencies = (
			);
			name = FolloworNah;
			productName = FolloworNah;
			productReference = 7F79162B1C737ECE00CCDABF /* FolloworNah.app */;
			productType = "com.apple.product-type.application";
		};
/* End PBXNativeTarget section */

/* Begin PBXProject section */
		7F7916231C737ECE00CCDABF /* Project object */ = {
			isa = PBXProject;
			attributes = {
				LastSwiftUpdateCheck = 0720;
				LastUpgradeCheck = 0720;
				ORGANIZATIONNAME = ioTDemon;
				TargetAttributes = {
					7F79162A1C737ECE00CCDABF = {
						CreatedOnToolsVersion = 7.2.1;
						DevelopmentTeam = 5PU9YF5T5S;
					};
				};
			};
			buildConfigurationList = 7F7916261C737ECE00CCDABF /* Build configuration list for PBXProject "FolloworNah" */;
			compatibilityVersion = "Xcode 3.2";
			developmentRegion = English;
			hasScannedForEncodings = 0;
			knownRegions = (
				en,
				Base,
			);
			mainGroup = 7F7916221C737ECE00CCDABF;
			productRefGroup = 7F79162C1C737ECE00CCDABF /* Products */;
			projectDirPath = "";
			projectRoot = "";
			targets = (
				7F79162A1C737ECE00CCDABF /* FolloworNah */,
			);
		};
/* End PBXProject section */

/* Begin PBXResourcesBuildPhase section */
		7F7916291C737ECE00CCDABF /* Resources */ = {
			isa = PBXResourcesBuildPhase;
			buildActionMask = 2147483647;
			files = (
				7F7916391C737ECE00CCDABF /* LaunchScreen.storyboard in Resources */,
				7F7916491C741D7200CCDABF /* Assets.xcassets in Resources */,
				7F7916341C737ECE00CCDABF /* Main.storyboard in Resources */,
			);
			runOnlyForDeploymentPostprocessing = 0;
		};
/* End PBXResourcesBuildPhase section */

/* Begin PBXSourcesBuildPhase section */
		7F7916271C737ECE00CCDABF /* Sources */ = {
			isa = PBXSourcesBuildPhase;
			buildActionMask = 2147483647;
			files = (
				7F7916451C73BA4E00CCDABF /* TwitterUser.swift in Sources */,
				7F7916431C7399F500CCDABF /* decideVC.swift in Sources */,
				7F7916311C737ECE00CCDABF /* SignInVC.swift in Sources */,
				7F7916411C738C6300CCDABF /* SelectAccountVC.swift in Sources */,
				7F79162F1C737ECE00CCDABF /* AppDelegate.swift in Sources */,
			);
			runOnlyForDeploymentPostprocessing = 0;
		};
/* End PBXSourcesBuildPhase section */

/* Begin PBXVariantGroup section */
		7F7916321C737ECE00CCDABF /* Main.storyboard */ = {
			isa = PBXVariantGroup;
			children = (
				7F7916331C737ECE00CCDABF /* Base */,
			);
			name = Main.storyboard;
			sourceTree = "<group>";
		};
		7F7916371C737ECE00CCDABF /* LaunchScreen.storyboard */ = {
			isa = PBXVariantGroup;
			children = (
				7F7916381C737ECE00CCDABF /* Base */,
			);
			name = LaunchScreen.storyboard;
			sourceTree = "<group>";
		};
/* End PBXVariantGroup section */

/* Begin XCBuildConfiguration section */
		7F79163B1C737ECE00CCDABF /* Debug */ = {
			isa = XCBuildConfiguration;
			buildSettings = {
				ALWAYS_SEARCH_USER_PATHS = NO;
				CLANG_CXX_LANGUAGE_STANDARD = "gnu++0x";
				CLANG_CXX_LIBRARY = "libc++";
				CLANG_ENABLE_MODULES = YES;
				CLANG_ENABLE_OBJC_ARC = YES;
				CLANG_WARN_BOOL_CONVERSION = YES;
				CLANG_WARN_CONSTANT_CONVERSION = YES;
				CLANG_WARN_DIRECT_OBJC_ISA_USAGE = YES_ERROR;
				CLANG_WARN_EMPTY_BODY = YES;
				CLANG_WARN_ENUM_CONVERSION = YES;
				CLANG_WARN_INT_CONVERSION = YES;
				CLANG_WARN_OBJC_ROOT_CLASS = YES_ERROR;
				CLANG_WARN_UNREACHABLE_CODE = YES;
				CLANG_WARN__DUPLICATE_METHOD_MATCH = YES;
				"CODE_SIGN_IDENTITY[sdk=iphoneos*]" = "iPhone Developer";
				COPY_PHASE_STRIP = NO;
				DEBUG_INFORMATION_FORMAT = dwarf;
				ENABLE_STRICT_OBJC_MSGSEND = YES;
				ENABLE_TESTABILITY = YES;
				GCC_C_LANGUAGE_STANDARD = gnu99;
				GCC_DYNAMIC_NO_PIC = NO;
				GCC_NO_COMMON_BLOCKS = YES;
				GCC_OPTIMIZATION_LEVEL = 0;
				GCC_PREPROCESSOR_DEFINITIONS = (
					"DEBUG=1",
					"$(inherited)",
				);
				GCC_WARN_64_TO_32_BIT_CONVERSION = YES;
				GCC_WARN_ABOUT_RETURN_TYPE = YES_ERROR;
				GCC_WARN_UNDECLARED_SELECTOR = YES;
				GCC_WARN_UNINITIALIZED_AUTOS = YES_AGGRESSIVE;
				GCC_WARN_UNUSED_FUNCTION = YES;
				GCC_WARN_UNUSED_VARIABLE = YES;
				IPHONEOS_DEPLOYMENT_TARGET = 9.0;
				MTL_ENABLE_DEBUG_INFO = YES;
				ONLY_ACTIVE_ARCH = YES;
				SDKROOT = iphoneos;
				SWIFT_OPTIMIZATION_LEVEL = "-Onone";
				TARGETED_DEVICE_FAMILY = "1,2";
			};
			name = Debug;
		};
		7F79163C1C737ECE00CCDABF /* Release */ = {
			isa = XCBuildConfiguration;
			buildSettings = {
				ALWAYS_SEARCH_USER_PATHS = NO;
				CLANG_CXX_LANGUAGE_STANDARD = "gnu++0x";
				CLANG_CXX_LIBRARY = "libc++";
				CLANG_ENABLE_MODULES = YES;
				CLANG_ENABLE_OBJC_ARC = YES;
				CLANG_WARN_BOOL_CONVERSION = YES;
				CLANG_WARN_CONSTANT_CONVERSION = YES;
				CLANG_WARN_DIRECT_OBJC_ISA_USAGE = YES_ERROR;
				CLANG_WARN_EMPTY_BODY = YES;
				CLANG_WARN_ENUM_CONVERSION = YES;
				CLANG_WARN_INT_CONVERSION = YES;
				CLANG_WARN_OBJC_ROOT_CLASS = YES_ERROR;
				CLANG_WARN_UNREACHABLE_CODE = YES;
				CLANG_WARN__DUPLICATE_METHOD_MATCH = YES;
				"CODE_SIGN_IDENTITY[sdk=iphoneos*]" = "iPhone Developer";
				COPY_PHASE_STRIP = NO;
				DEBUG_INFORMATION_FORMAT = "dwarf-with-dsym";
				ENABLE_NS_ASSERTIONS = NO;
				ENABLE_STRICT_OBJC_MSGSEND = YES;
				GCC_C_LANGUAGE_STANDARD = gnu99;
				GCC_NO_COMMON_BLOCKS = YES;
				GCC_WARN_64_TO_32_BIT_CONVERSION = YES;
				GCC_WARN_ABOUT_RETURN_TYPE = YES_ERROR;
				GCC_WARN_UNDECLARED_SELECTOR = YES;
				GCC_WARN_UNINITIALIZED_AUTOS = YES_AGGRESSIVE;
				GCC_WARN_UNUSED_FUNCTION = YES;
				GCC_WARN_UNUSED_VARIABLE = YES;
				IPHONEOS_DEPLOYMENT_TARGET = 9.0;
				MTL_ENABLE_DEBUG_INFO = NO;
				SDKROOT = iphoneos;
				TARGETED_DEVICE_FAMILY = "1,2";
				VALIDATE_PRODUCT = YES;
			};
			name = Release;
		};
		7F79163E1C737ECE00CCDABF /* Debug */ = {
			isa = XCBuildConfiguration;
			buildSettings = {
				ASSETCATALOG_COMPILER_APPICON_NAME = AppIcon;
				CODE_SIGN_IDENTITY = "iPhone Developer";
				"CODE_SIGN_IDENTITY[sdk=iphoneos*]" = "iPhone Distribution: Jared Rentz (5PU9YF5T5S)";
				INFOPLIST_FILE = FolloworNah/Info.plist;
				IPHONEOS_DEPLOYMENT_TARGET = 9.0;
				LD_RUNPATH_SEARCH_PATHS = "$(inherited) @executable_path/Frameworks";
				PRODUCT_BUNDLE_IDENTIFIER = com.jaredrentz.TwitterCleaner;
				PRODUCT_NAME = "$(TARGET_NAME)";
				PROVISIONING_PROFILE = "367e3ae0-6f9f-4e26-a95d-73fbc89b45c8";
				TARGETED_DEVICE_FAMILY = 1;
			};
			name = Debug;
		};
		7F79163F1C737ECE00CCDABF /* Release */ = {
			isa = XCBuildConfiguration;
			buildSettings = {
				ASSETCATALOG_COMPILER_APPICON_NAME = AppIcon;
				CODE_SIGN_IDENTITY = "iPhone Developer";
				"CODE_SIGN_IDENTITY[sdk=iphoneos*]" = "iPhone Distribution: Jared Rentz (5PU9YF5T5S)";
				INFOPLIST_FILE = FolloworNah/Info.plist;
				IPHONEOS_DEPLOYMENT_TARGET = 9.0;
				LD_RUNPATH_SEARCH_PATHS = "$(inherited) @executable_path/Frameworks";
				PRODUCT_BUNDLE_IDENTIFIER = com.jaredrentz.TwitterCleaner;
				PRODUCT_NAME = "$(TARGET_NAME)";
				PROVISIONING_PROFILE = "367e3ae0-6f9f-4e26-a95d-73fbc89b45c8";
				TARGETED_DEVICE_FAMILY = 1;
			};
			name = Release;
		};
/* End XCBuildConfiguration section */

/* Begin XCConfigurationList section */
		7F7916261C737ECE00CCDABF /* Build configuration list for PBXProject "FolloworNah" */ = {
			isa = XCConfigurationList;
			buildConfigurations = (
				7F79163B1C737ECE00CCDABF /* Debug */,
				7F79163C1C737ECE00CCDABF /* Release */,
			);
			defaultConfigurationIsVisible = 0;
			defaultConfigurationName = Release;
		};
		7F79163D1C737ECE00CCDABF /* Build configuration list for PBXNativeTarget "FolloworNah" */ = {
			isa = XCConfigurationList;
			buildConfigurations = (
				7F79163E1C737ECE00CCDABF /* Debug */,
				7F79163F1C737ECE00CCDABF /* Release */,
			);
			defaultConfigurationIsVisible = 0;
		};
/* End XCConfigurationList section */
	};
	rootObject = 7F7916231C737ECE00CCDABF /* Project object */;
}
